
Microsoft Visual Studio Solution File, Format Version 12.00
# Visual Studio Version 16
VisualStudioVersion = 16.0.31605.320
MinimumVisualStudioVersion = 10.0.40219.1
Project("{FAE04EC0-301F-11D3-BF4B-00C04F79EFBC}") = "crmmedipol", "crmmedipol\crmmedipol.csproj", "{1BD4029D-8416-458E-9A76-0F95AC2EAE0C}"
EndProject
Global
	GlobalSection(SolutionConfigurationPlatforms) = preSolution
		Debug|Any CPU = Debug|Any CPU
		Release|Any CPU = Release|Any CPU
	EndGlobalSection
	GlobalSection(ProjectConfigurationPlatforms) = postSolution
		{1BD4029D-8416-458E-9A76-0F95AC2EAE0C}.Debug|Any CPU.ActiveCfg = Debug|Any CPU
		{1BD4029D-8416-458E-9A76-0F95AC2EAE0C}.Debug|Any CPU.Build.0 = Debug|Any CPU
		{1BD4029D-8416-458E-9A76-0F95AC2EAE0C}.Release|Any CPU.ActiveCfg = Release|Any CPU
		{1BD4029D-8416-458E-9A76-0F95AC2EAE0C}.Release|Any CPU.Build.0 = Release|Any CPU
	EndGlobalSection
	GlobalSection(SolutionProperties) = preSolution
		HideSolutionNode = FALSE
	EndGlobalSection
	GlobalSection(ExtensibilityGlobals) = postSolution
		SolutionGuid = {F016AB13-7240-40AE-9F5B-9664509346F0}
	EndGlobalSection
EndGlobal
